
Microsoft Visual Studio Solution File, Format Version 12.00
# Visual Studio Version 16
VisualStudioVersion = 16.0.31025.194
MinimumVisualStudioVersion = 10.0.40219.1
Project("{FAE04EC0-301F-11D3-BF4B-00C04F79EFBC}") = "Webapp24", "Webapp24.csproj", "{227BF9D6-FEE5-4A10-AA13-FED734E26BBA}"
EndProject
Global
	GlobalSection(SolutionConfigurationPlatforms) = preSolution
		Debug|Any CPU = Debug|Any CPU
		Release|Any CPU = Release|Any CPU
	EndGlobalSection
	GlobalSection(ProjectConfigurationPlatforms) = postSolution
		{227BF9D6-FEE5-4A10-AA13-FED734E26BBA}.Debug|Any CPU.ActiveCfg = Debug|Any CPU
		{227BF9D6-FEE5-4A10-AA13-FED734E26BBA}.Debug|Any CPU.Build.0 = Debug|Any CPU
		{227BF9D6-FEE5-4A10-AA13-FED734E26BBA}.Release|Any CPU.ActiveCfg = Release|Any CPU
		{227BF9D6-FEE5-4A10-AA13-FED734E26BBA}.Release|Any CPU.Build.0 = Release|Any CPU
	EndGlobalSection
	GlobalSection(SolutionProperties) = preSolution
		HideSolutionNode = FALSE
	EndGlobalSection
	GlobalSection(ExtensibilityGlobals) = postSolution
		SolutionGuid = {C37B0BD6-F1C2-4C9C-85DE-CE0AF9C76D2E}
	EndGlobalSection
EndGlobal
